PODS:
  - Quikkly (3.0.0)

DEPENDENCIES:
  - Quikkly (from `https://github.com/quikkly/ios-sdk.git`)

EXTERNAL SOURCES:
  Quikkly:
    :git: https://github.com/quikkly/ios-sdk.git

CHECKOUT OPTIONS:
  Quikkly:
    :commit: bdb08233335efbe98091ed23e393af91e5164db3
    :git: https://github.com/quikkly/ios-sdk.git

SPEC CHECKSUMS:
  Quikkly: 65694d70dc8cb503cbc2a67b73dcf066ee79bdf7

PODFILE CHECKSUM: 303c99c7bba1b3d5393b201de25efe9ac2862025

COCOAPODS: 1.4.0
