PODS:
  - Quikkly (1.1.0)

DEPENDENCIES:
  - Quikkly (from `https://github.com/quikkly/ios-sdk.git`)

EXTERNAL SOURCES:
  Quikkly:
    :git: https://github.com/quikkly/ios-sdk.git

CHECKOUT OPTIONS:
  Quikkly:
    :commit: 0c51f8e91e73c523a5fc5a7215c9de78a661f089
    :git: https://github.com/quikkly/ios-sdk.git

SPEC CHECKSUMS:
  Quikkly: c7b344918ab479f4d9f5d2038271e0721eab8938

PODFILE CHECKSUM: 303c99c7bba1b3d5393b201de25efe9ac2862025

COCOAPODS: 1.2.0
