PODS:
  - Quikkly (1.0.1)

DEPENDENCIES:
  - Quikkly (from `https://github.com/quikkly/ios-sdk.git`)

EXTERNAL SOURCES:
  Quikkly:
    :git: https://github.com/quikkly/ios-sdk.git

CHECKOUT OPTIONS:
  Quikkly:
    :commit: 4337b02bea5f048c393a9aae4c339591966616f5
    :git: https://github.com/quikkly/ios-sdk.git

SPEC CHECKSUMS:
  Quikkly: d8cfbd8f4467585c588a0a07f392a655a0c523d6

PODFILE CHECKSUM: 780f58c0df841e6dc14ad7bd11d41014805cb84e

COCOAPODS: 1.2.0
